// !$*UTF8*$!
{
	archiveVersion = 1;
	classes = {
	};
	objectVersion = 56;
	objects = {

/* Begin PBXBuildFile section */
		C6709FD02A96060800DE0791 /* IMDBApp.swift in Sources */ = {isa = PBXBuildFile; fileRef = C6709FCF2A96060800DE0791 /* IMDBApp.swift */; };
		C6709FD22A96060800DE0791 /* ContentView.swift in Sources */ = {isa = PBXBuildFile; fileRef = C6709FD12A96060800DE0791 /* ContentView.swift */; };
		C6709FD42A96060A00DE0791 /* Assets.xcassets in Resources */ = {isa = PBXBuildFile; fileRef = C6709FD32A96060A00DE0791 /* Assets.xcassets */; };
		C6709FD72A96060A00DE0791 /* Preview Assets.xcassets in Resources */ = {isa = PBXBuildFile; fileRef = C6709FD62A96060A00DE0791 /* Preview Assets.xcassets */; };
		C6709FE82A96182200DE0791 /* MovieListView.swift in Sources */ = {isa = PBXBuildFile; fileRef = C6709FE72A96182200DE0791 /* MovieListView.swift */; };
		C6709FEA2A9619F600DE0791 /* MovieListRowView.swift in Sources */ = {isa = PBXBuildFile; fileRef = C6709FE92A9619F600DE0791 /* MovieListRowView.swift */; };
		C6709FEC2A96288900DE0791 /* MovieDetailsView.swift in Sources */ = {isa = PBXBuildFile; fileRef = C6709FEB2A96288900DE0791 /* MovieDetailsView.swift */; };
		C6709FEE2A96430D00DE0791 /* Movie.swift in Sources */ = {isa = PBXBuildFile; fileRef = C6709FED2A96430D00DE0791 /* Movie.swift */; };
		C6709FF02A96580A00DE0791 /* URLService.swift in Sources */ = {isa = PBXBuildFile; fileRef = C6709FEF2A96580A00DE0791 /* URLService.swift */; };
		C68C07A82ADFD2630079668E /* MovieViewModel.swift in Sources */ = {isa = PBXBuildFile; fileRef = C68C07A72ADFD2630079668E /* MovieViewModel.swift */; };
		C68C07AB2ADFDD9C0079668E /* Constants.swift in Sources */ = {isa = PBXBuildFile; fileRef = C68C07AA2ADFDD9C0079668E /* Constants.swift */; };
		C693F7242A97506E00DFC6EC /* PosterImageHolder.swift in Sources */ = {isa = PBXBuildFile; fileRef = C693F7232A97506E00DFC6EC /* PosterImageHolder.swift */; };
/* End PBXBuildFile section */

/* Begin PBXFileReference section */
		C6709FCC2A96060800DE0791 /* IMDB.app */ = {isa = PBXFileReference; explicitFileType = wrapper.application; includeInIndex = 0; path = IMDB.app; sourceTree = BUILT_PRODUCTS_DIR; };
		C6709FCF2A96060800DE0791 /* IMDBApp.swift */ = {isa = PBXFileReference; lastKnownFileType = sourcecode.swift; path = IMDBApp.swift; sourceTree = "<group>"; };
		C6709FD12A96060800DE0791 /* ContentView.swift */ = {isa = PBXFileReference; lastKnownFileType = sourcecode.swift; path = ContentView.swift; sourceTree = "<group>"; };
		C6709FD32A96060A00DE0791 /* Assets.xcassets */ = {isa = PBXFileReference; lastKnownFileType = folder.assetcatalog; path = Assets.xcassets; sourceTree = "<group>"; };
		C6709FD62A96060A00DE0791 /* Preview Assets.xcassets */ = {isa = PBXFileReference; lastKnownFileType = folder.assetcatalog; path = "Preview Assets.xcassets"; sourceTree = "<group>"; };
		C6709FE72A96182200DE0791 /* MovieListView.swift */ = {isa = PBXFileReference; lastKnownFileType = sourcecode.swift; path = MovieListView.swift; sourceTree = "<group>"; };
		C6709FE92A9619F600DE0791 /* MovieListRowView.swift */ = {isa = PBXFileReference; lastKnownFileType = sourcecode.swift; path = MovieListRowView.swift; sourceTree = "<group>"; };
		C6709FEB2A96288900DE0791 /* MovieDetailsView.swift */ = {isa = PBXFileReference; lastKnownFileType = sourcecode.swift; path = MovieDetailsView.swift; sourceTree = "<group>"; };
		C6709FED2A96430D00DE0791 /* Movie.swift */ = {isa = PBXFileReference; lastKnownFileType = sourcecode.swift; path = Movie.swift; sourceTree = "<group>"; };
		C6709FEF2A96580A00DE0791 /* URLService.swift */ = {isa = PBXFileReference; lastKnownFileType = sourcecode.swift; path = URLService.swift; sourceTree = "<group>"; };
		C68C07A72ADFD2630079668E /* MovieViewModel.swift */ = {isa = PBXFileReference; lastKnownFileType = sourcecode.swift; path = MovieViewModel.swift; sourceTree = "<group>"; };
		C68C07AA2ADFDD9C0079668E /* Constants.swift */ = {isa = PBXFileReference; lastKnownFileType = sourcecode.swift; path = Constants.swift; sourceTree = "<group>"; };
		C693F7232A97506E00DFC6EC /* PosterImageHolder.swift */ = {isa = PBXFileReference; lastKnownFileType = sourcecode.swift; path = PosterImageHolder.swift; sourceTree = "<group>"; };
/* End PBXFileReference section */

/* Begin PBXFrameworksBuildPhase section */
		C6709FC92A96060800DE0791 /* Frameworks */ = {
			isa = PBXFrameworksBuildPhase;
			buildActionMask = 2147483647;
			files = (
			);
			runOnlyForDeploymentPostprocessing = 0;
		};
/* End PBXFrameworksBuildPhase section */

/* Begin PBXGroup section */
		C6709FC32A96060700DE0791 = {
			isa = PBXGroup;
			children = (
				C6709FCE2A96060800DE0791 /* IMDB */,
				C6709FCD2A96060800DE0791 /* Products */,
			);
			sourceTree = "<group>";
		};
		C6709FCD2A96060800DE0791 /* Products */ = {
			isa = PBXGroup;
			children = (
				C6709FCC2A96060800DE0791 /* IMDB.app */,
			);
			name = Products;
			sourceTree = "<group>";
		};
		C6709FCE2A96060800DE0791 /* IMDB */ = {
			isa = PBXGroup;
			children = (
				C68C07A92ADFDD8D0079668E /* Constants */,
				C6709FDD2A9606D100DE0791 /* App */,
				C6709FDE2A9606DB00DE0791 /* Core */,
				C6709FE12A96072100DE0791 /* Model */,
				C6709FE02A96070C00DE0791 /* Service */,
				C6709FDF2A9606ED00DE0791 /* Root */,
				C6709FD32A96060A00DE0791 /* Assets.xcassets */,
				C6709FD52A96060A00DE0791 /* Preview Content */,
			);
			path = IMDB;
			sourceTree = "<group>";
		};
		C6709FD52A96060A00DE0791 /* Preview Content */ = {
			isa = PBXGroup;
			children = (
				C6709FD62A96060A00DE0791 /* Preview Assets.xcassets */,
			);
			path = "Preview Content";
			sourceTree = "<group>";
		};
		C6709FDD2A9606D100DE0791 /* App */ = {
			isa = PBXGroup;
			children = (
				C6709FCF2A96060800DE0791 /* IMDBApp.swift */,
			);
			path = App;
			sourceTree = "<group>";
		};
		C6709FDE2A9606DB00DE0791 /* Core */ = {
			isa = PBXGroup;
			children = (
				C6709FE62A9617ED00DE0791 /* Component */,
				C6709FE32A96073D00DE0791 /* MovieDetails */,
				C6709FE22A96072F00DE0791 /* MovieList */,
			);
			path = Core;
			sourceTree = "<group>";
		};
		C6709FDF2A9606ED00DE0791 /* Root */ = {
			isa = PBXGroup;
			children = (
				C6709FD12A96060800DE0791 /* ContentView.swift */,
			);
			path = Root;
			sourceTree = "<group>";
		};
		C6709FE02A96070C00DE0791 /* Service */ = {
			isa = PBXGroup;
			children = (
				C6709FEF2A96580A00DE0791 /* URLService.swift */,
			);
			path = Service;
			sourceTree = "<group>";
		};
		C6709FE12A96072100DE0791 /* Model */ = {
			isa = PBXGroup;
			children = (
				C6709FED2A96430D00DE0791 /* Movie.swift */,
				C68C07A72ADFD2630079668E /* MovieViewModel.swift */,
			);
			path = Model;
			sourceTree = "<group>";
		};
		C6709FE22A96072F00DE0791 /* MovieList */ = {
			isa = PBXGroup;
			children = (
				C6709FE42A9617C700DE0791 /* Model */,
				C6709FE52A9617CE00DE0791 /* View */,
			);
			path = MovieList;
			sourceTree = "<group>";
		};
		C6709FE32A96073D00DE0791 /* MovieDetails */ = {
			isa = PBXGroup;
			children = (
				C6709FEB2A96288900DE0791 /* MovieDetailsView.swift */,
			);
			path = MovieDetails;
			sourceTree = "<group>";
		};
		C6709FE42A9617C700DE0791 /* Model */ = {
			isa = PBXGroup;
			children = (
			);
			path = Model;
			sourceTree = "<group>";
		};
		C6709FE52A9617CE00DE0791 /* View */ = {
			isa = PBXGroup;
			children = (
				C6709FE72A96182200DE0791 /* MovieListView.swift */,
				C6709FE92A9619F600DE0791 /* MovieListRowView.swift */,
			);
			path = View;
			sourceTree = "<group>";
		};
		C6709FE62A9617ED00DE0791 /* Component */ = {
			isa = PBXGroup;
			children = (
				C693F7232A97506E00DFC6EC /* PosterImageHolder.swift */,
			);
			path = Component;
			sourceTree = "<group>";
		};
		C68C07A92ADFDD8D0079668E /* Constants */ = {
			isa = PBXGroup;
			children = (
				C68C07AA2ADFDD9C0079668E /* Constants.swift */,
			);
			path = Constants;
			sourceTree = "<group>";
		};
/* End PBXGroup section */

/* Begin PBXNativeTarget section */
		C6709FCB2A96060800DE0791 /* IMDB */ = {
			isa = PBXNativeTarget;
			buildConfigurationList = C6709FDA2A96060A00DE0791 /* Build configuration list for PBXNativeTarget "IMDB" */;
			buildPhases = (
				C6709FC82A96060800DE0791 /* Sources */,
				C6709FC92A96060800DE0791 /* Frameworks */,
				C6709FCA2A96060800DE0791 /* Resources */,
			);
			buildRules = (
			);
			dependencies = (
			);
			name = IMDB;
			productName = IMDB;
			productReference = C6709FCC2A96060800DE0791 /* IMDB.app */;
			productType = "com.apple.product-type.application";
		};
/* End PBXNativeTarget section */

/* Begin PBXProject section */
		C6709FC42A96060700DE0791 /* Project object */ = {
			isa = PBXProject;
			attributes = {
				BuildIndependentTargetsInParallel = 1;
				LastSwiftUpdateCheck = 1430;
				LastUpgradeCheck = 1430;
				TargetAttributes = {
					C6709FCB2A96060800DE0791 = {
						CreatedOnToolsVersion = 14.3.1;
					};
				};
			};
			buildConfigurationList = C6709FC72A96060700DE0791 /* Build configuration list for PBXProject "IMDB" */;
			compatibilityVersion = "Xcode 14.0";
			developmentRegion = en;
			hasScannedForEncodings = 0;
			knownRegions = (
				en,
				Base,
			);
			mainGroup = C6709FC32A96060700DE0791;
			productRefGroup = C6709FCD2A96060800DE0791 /* Products */;
			projectDirPath = "";
			projectRoot = "";
			targets = (
				C6709FCB2A96060800DE0791 /* IMDB */,
			);
		};
/* End PBXProject section */

/* Begin PBXResourcesBuildPhase section */
		C6709FCA2A96060800DE0791 /* Resources */ = {
			isa = PBXResourcesBuildPhase;
			buildActionMask = 2147483647;
			files = (
				C6709FD72A96060A00DE0791 /* Preview Assets.xcassets in Resources */,
				C6709FD42A96060A00DE0791 /* Assets.xcassets in Resources */,
			);
			runOnlyForDeploymentPostprocessing = 0;
		};
/* End PBXResourcesBuildPhase section */

/* Begin PBXSourcesBuildPhase section */
		C6709FC82A96060800DE0791 /* Sources */ = {
			isa = PBXSourcesBuildPhase;
			buildActionMask = 2147483647;
			files = (
				C693F7242A97506E00DFC6EC /* PosterImageHolder.swift in Sources */,
				C6709FEA2A9619F600DE0791 /* MovieListRowView.swift in Sources */,
				C6709FD22A96060800DE0791 /* ContentView.swift in Sources */,
				C6709FEE2A96430D00DE0791 /* Movie.swift in Sources */,
				C6709FF02A96580A00DE0791 /* URLService.swift in Sources */,
				C68C07AB2ADFDD9C0079668E /* Constants.swift in Sources */,
				C68C07A82ADFD2630079668E /* MovieViewModel.swift in Sources */,
				C6709FD02A96060800DE0791 /* IMDBApp.swift in Sources */,
				C6709FE82A96182200DE0791 /* MovieListView.swift in Sources */,
				C6709FEC2A96288900DE0791 /* MovieDetailsView.swift in Sources */,
			);
			runOnlyForDeploymentPostprocessing = 0;
		};
/* End PBXSourcesBuildPhase section */

/* Begin XCBuildConfiguration section */
		C6709FD82A96060A00DE0791 /* Debug */ = {
			isa = XCBuildConfiguration;
			buildSettings = {
				ALWAYS_SEARCH_USER_PATHS = NO;
				CLANG_ANALYZER_NONNULL = YES;
				CLANG_ANALYZER_NUMBER_OBJECT_CONVERSION = YES_AGGRESSIVE;
				CLANG_CXX_LANGUAGE_STANDARD = "gnu++20";
				CLANG_ENABLE_MODULES = YES;
				CLANG_ENABLE_OBJC_ARC = YES;
				CLANG_ENABLE_OBJC_WEAK = YES;
				CLANG_WARN_BLOCK_CAPTURE_AUTORELEASING = YES;
				CLANG_WARN_BOOL_CONVERSION = YES;
				CLANG_WARN_COMMA = YES;
				CLANG_WARN_CONSTANT_CONVERSION = YES;
				CLANG_WARN_DEPRECATED_OBJC_IMPLEMENTATIONS = YES;
				CLANG_WARN_DIRECT_OBJC_ISA_USAGE = YES_ERROR;
				CLANG_WARN_DOCUMENTATION_COMMENTS = YES;
				CLANG_WARN_EMPTY_BODY = YES;
				CLANG_WARN_ENUM_CONVERSION = YES;
				CLANG_WARN_INFINITE_RECURSION = YES;
				CLANG_WARN_INT_CONVERSION = YES;
				CLANG_WARN_NON_LITERAL_NULL_CONVERSION = YES;
				CLANG_WARN_OBJC_IMPLICIT_RETAIN_SELF = YES;
				CLANG_WARN_OBJC_LITERAL_CONVERSION = YES;
				CLANG_WARN_OBJC_ROOT_CLASS = YES_ERROR;
				CLANG_WARN_QUOTED_INCLUDE_IN_FRAMEWORK_HEADER = YES;
				CLANG_WARN_RANGE_LOOP_ANALYSIS = YES;
				CLANG_WARN_STRICT_PROTOTYPES = YES;
				CLANG_WARN_SUSPICIOUS_MOVE = YES;
				CLANG_WARN_UNGUARDED_AVAILABILITY = YES_AGGRESSIVE;
				CLANG_WARN_UNREACHABLE_CODE = YES;
				CLANG_WARN__DUPLICATE_METHOD_MATCH = YES;
				COPY_PHASE_STRIP = NO;
				DEBUG_INFORMATION_FORMAT = dwarf;
				ENABLE_STRICT_OBJC_MSGSEND = YES;
				ENABLE_TESTABILITY = YES;
				GCC_C_LANGUAGE_STANDARD = gnu11;
				GCC_DYNAMIC_NO_PIC = NO;
				GCC_NO_COMMON_BLOCKS = YES;
				GCC_OPTIMIZATION_LEVEL = 0;
				GCC_PREPROCESSOR_DEFINITIONS = (
					"DEBUG=1",
					"$(inherited)",
				);
				GCC_WARN_64_TO_32_BIT_CONVERSION = YES;
				GCC_WARN_ABOUT_RETURN_TYPE = YES_ERROR;
				GCC_WARN_UNDECLARED_SELECTOR = YES;
				GCC_WARN_UNINITIALIZED_AUTOS = YES_AGGRESSIVE;
				GCC_WARN_UNUSED_FUNCTION = YES;
				GCC_WARN_UNUSED_VARIABLE = YES;
				IPHONEOS_DEPLOYMENT_TARGET = 16.4;
				MTL_ENABLE_DEBUG_INFO = INCLUDE_SOURCE;
				MTL_FAST_MATH = YES;
				ONLY_ACTIVE_ARCH = YES;
				SDKROOT = iphoneos;
				SWIFT_ACTIVE_COMPILATION_CONDITIONS = DEBUG;
				SWIFT_OPTIMIZATION_LEVEL = "-Onone";
			};
			name = Debug;
		};
		C6709FD92A96060A00DE0791 /* Release */ = {
			isa = XCBuildConfiguration;
			buildSettings = {
				ALWAYS_SEARCH_USER_PATHS = NO;
				CLANG_ANALYZER_NONNULL = YES;
				CLANG_ANALYZER_NUMBER_OBJECT_CONVERSION = YES_AGGRESSIVE;
				CLANG_CXX_LANGUAGE_STANDARD = "gnu++20";
				CLANG_ENABLE_MODULES = YES;
				CLANG_ENABLE_OBJC_ARC = YES;
				CLANG_ENABLE_OBJC_WEAK = YES;
				CLANG_WARN_BLOCK_CAPTURE_AUTORELEASING = YES;
				CLANG_WARN_BOOL_CONVERSION = YES;
				CLANG_WARN_COMMA = YES;
				CLANG_WARN_CONSTANT_CONVERSION = YES;
				CLANG_WARN_DEPRECATED_OBJC_IMPLEMENTATIONS = YES;
				CLANG_WARN_DIRECT_OBJC_ISA_USAGE = YES_ERROR;
				CLANG_WARN_DOCUMENTATION_COMMENTS = YES;
				CLANG_WARN_EMPTY_BODY = YES;
				CLANG_WARN_ENUM_CONVERSION = YES;
				CLANG_WARN_INFINITE_RECURSION = YES;
				CLANG_WARN_INT_CONVERSION = YES;
				CLANG_WARN_NON_LITERAL_NULL_CONVERSION = YES;
				CLANG_WARN_OBJC_IMPLICIT_RETAIN_SELF = YES;
				CLANG_WARN_OBJC_LITERAL_CONVERSION = YES;
				CLANG_WARN_OBJC_ROOT_CLASS = YES_ERROR;
				CLANG_WARN_QUOTED_INCLUDE_IN_FRAMEWORK_HEADER = YES;
				CLANG_WARN_RANGE_LOOP_ANALYSIS = YES;
				CLANG_WARN_STRICT_PROTOTYPES = YES;
				CLANG_WARN_SUSPICIOUS_MOVE = YES;
				CLANG_WARN_UNGUARDED_AVAILABILITY = YES_AGGRESSIVE;
				CLANG_WARN_UNREACHABLE_CODE = YES;
				CLANG_WARN__DUPLICATE_METHOD_MATCH = YES;
				COPY_PHASE_STRIP = NO;
				DEBUG_INFORMATION_FORMAT = "dwarf-with-dsym";
				ENABLE_NS_ASSERTIONS = NO;
				ENABLE_STRICT_OBJC_MSGSEND = YES;
				GCC_C_LANGUAGE_STANDARD = gnu11;
				GCC_NO_COMMON_BLOCKS = YES;
				GCC_WARN_64_TO_32_BIT_CONVERSION = YES;
				GCC_WARN_ABOUT_RETURN_TYPE = YES_ERROR;
				GCC_WARN_UNDECLARED_SELECTOR = YES;
				GCC_WARN_UNINITIALIZED_AUTOS = YES_AGGRESSIVE;
				GCC_WARN_UNUSED_FUNCTION = YES;
				GCC_WARN_UNUSED_VARIABLE = YES;
				IPHONEOS_DEPLOYMENT_TARGET = 16.4;
				MTL_ENABLE_DEBUG_INFO = NO;
				MTL_FAST_MATH = YES;
				SDKROOT = iphoneos;
				SWIFT_COMPILATION_MODE = wholemodule;
				SWIFT_OPTIMIZATION_LEVEL = "-O";
				VALIDATE_PRODUCT = YES;
			};
			name = Release;
		};
		C6709FDB2A96060A00DE0791 /* Debug */ = {
			isa = XCBuildConfiguration;
			buildSettings = {
				ASSETCATALOG_COMPILER_APPICON_NAME = AppIcon;
				ASSETCATALOG_COMPILER_GLOBAL_ACCENT_COLOR_NAME = AccentColor;
				CODE_SIGN_STYLE = Automatic;
				CURRENT_PROJECT_VERSION = 1;
				DEVELOPMENT_ASSET_PATHS = "\"IMDB/Preview Content\"";
				ENABLE_PREVIEWS = YES;
				GENERATE_INFOPLIST_FILE = YES;
				INFOPLIST_KEY_UIApplicationSceneManifest_Generation = YES;
				INFOPLIST_KEY_UIApplicationSupportsIndirectInputEvents = YES;
				INFOPLIST_KEY_UILaunchScreen_Generation = YES;
				INFOPLIST_KEY_UISupportedInterfaceOrientations_iPad = "UIInterfaceOrientationPortrait UIInterfaceOrientationPortraitUpsideDown UIInterfaceOrientationLandscapeLeft UIInterfaceOrientationLandscapeRight";
				INFOPLIST_KEY_UISupportedInterfaceOrientations_iPhone = "UIInterfaceOrientationPortrait UIInterfaceOrientationLandscapeLeft UIInterfaceOrientationLandscapeRight";
				LD_RUNPATH_SEARCH_PATHS = (
					"$(inherited)",
					"@executable_path/Frameworks",
				);
				MARKETING_VERSION = 1.0;
				PRODUCT_BUNDLE_IDENTIFIER = com.uv.IMDB;
				PRODUCT_NAME = "$(TARGET_NAME)";
				SWIFT_EMIT_LOC_STRINGS = YES;
				SWIFT_VERSION = 5.0;
				TARGETED_DEVICE_FAMILY = "1,2";
			};
			name = Debug;
		};
		C6709FDC2A96060A00DE0791 /* Release */ = {
			isa = XCBuildConfiguration;
			buildSettings = {
				ASSETCATALOG_COMPILER_APPICON_NAME = AppIcon;
				ASSETCATALOG_COMPILER_GLOBAL_ACCENT_COLOR_NAME = AccentColor;
				CODE_SIGN_STYLE = Automatic;
				CURRENT_PROJECT_VERSION = 1;
				DEVELOPMENT_ASSET_PATHS = "\"IMDB/Preview Content\"";
				ENABLE_PREVIEWS = YES;
				GENERATE_INFOPLIST_FILE = YES;
				INFOPLIST_KEY_UIApplicationSceneManifest_Generation = YES;
				INFOPLIST_KEY_UIApplicationSupportsIndirectInputEvents = YES;
				INFOPLIST_KEY_UILaunchScreen_Generation = YES;
				INFOPLIST_KEY_UISupportedInterfaceOrientations_iPad = "UIInterfaceOrientationPortrait UIInterfaceOrientationPortraitUpsideDown UIInterfaceOrientationLandscapeLeft UIInterfaceOrientationLandscapeRight";
				INFOPLIST_KEY_UISupportedInterfaceOrientations_iPhone = "UIInterfaceOrientationPortrait UIInterfaceOrientationLandscapeLeft UIInterfaceOrientationLandscapeRight";
				LD_RUNPATH_SEARCH_PATHS = (
					"$(inherited)",
					"@executable_path/Frameworks",
				);
				MARKETING_VERSION = 1.0;
				PRODUCT_BUNDLE_IDENTIFIER = com.uv.IMDB;
				PRODUCT_NAME = "$(TARGET_NAME)";
				SWIFT_EMIT_LOC_STRINGS = YES;
				SWIFT_VERSION = 5.0;
				TARGETED_DEVICE_FAMILY = "1,2";
			};
			name = Release;
		};
/* End XCBuildConfiguration section */

/* Begin XCConfigurationList section */
		C6709FC72A96060700DE0791 /* Build configuration list for PBXProject "IMDB" */ = {
			isa = XCConfigurationList;
			buildConfigurations = (
				C6709FD82A96060A00DE0791 /* Debug */,
				C6709FD92A96060A00DE0791 /* Release */,
			);
			defaultConfigurationIsVisible = 0;
			defaultConfigurationName = Release;
		};
		C6709FDA2A96060A00DE0791 /* Build configuration list for PBXNativeTarget "IMDB" */ = {
			isa = XCConfigurationList;
			buildConfigurations = (
				C6709FDB2A96060A00DE0791 /* Debug */,
				C6709FDC2A96060A00DE0791 /* Release */,
			);
			defaultConfigurationIsVisible = 0;
			defaultConfigurationName = Release;
		};
/* End XCConfigurationList section */
	};
	rootObject = C6709FC42A96060700DE0791 /* Project object */;
}
